
Microsoft Visual Studio Solution File, Format Version 12.00
# Visual Studio Version 16
VisualStudioVersion = 16.0.31911.196
MinimumVisualStudioVersion = 10.0.40219.1
Project("{9A19103F-16F7-4668-BE54-9A1E7A4F7556}") = "ErronkaOndo", "ErronkaOndo\ErronkaOndo.csproj", "{CF8D6D3C-514A-428F-87EB-98D53048ED6A}"
EndProject
Global
	GlobalSection(SolutionConfigurationPlatforms) = preSolution
		Debug|Any CPU = Debug|Any CPU
		Release|Any CPU = Release|Any CPU
	EndGlobalSection
	GlobalSection(ProjectConfigurationPlatforms) = postSolution
		{CF8D6D3C-514A-428F-87EB-98D53048ED6A}.Debug|Any CPU.ActiveCfg = Debug|Any CPU
		{CF8D6D3C-514A-428F-87EB-98D53048ED6A}.Debug|Any CPU.Build.0 = Debug|Any CPU
		{CF8D6D3C-514A-428F-87EB-98D53048ED6A}.Release|Any CPU.ActiveCfg = Release|Any CPU
		{CF8D6D3C-514A-428F-87EB-98D53048ED6A}.Release|Any CPU.Build.0 = Release|Any CPU
	EndGlobalSection
	GlobalSection(SolutionProperties) = preSolution
		HideSolutionNode = FALSE
	EndGlobalSection
	GlobalSection(ExtensibilityGlobals) = postSolution
		SolutionGuid = {BAF5A197-53EC-4959-AE89-70D45945C446}
	EndGlobalSection
EndGlobal
